
Microsoft Visual Studio Solution File, Format Version 12.00
# Visual Studio Version 17
VisualStudioVersion = 17.13.35931.197
MinimumVisualStudioVersion = 10.0.40219.1
Project("{FAE04EC0-301F-11D3-BF4B-00C04F79EFBC}") = "Manta.Remote", "Manta.Remote.csproj", "{98059134-8401-7A13-059C-06CC09D935F9}"
EndProject
Global
	GlobalSection(SolutionConfigurationPlatforms) = preSolution
		Debug|Any CPU = Debug|Any CPU
		Release|Any CPU = Release|Any CPU
	EndGlobalSection
	GlobalSection(ProjectConfigurationPlatforms) = postSolution
		{98059134-8401-7A13-059C-06CC09D935F9}.Debug|Any CPU.ActiveCfg = Debug|Any CPU
		{98059134-8401-7A13-059C-06CC09D935F9}.Debug|Any CPU.Build.0 = Debug|Any CPU
		{98059134-8401-7A13-059C-06CC09D935F9}.Release|Any CPU.ActiveCfg = Release|Any CPU
		{98059134-8401-7A13-059C-06CC09D935F9}.Release|Any CPU.Build.0 = Release|Any CPU
	EndGlobalSection
	GlobalSection(SolutionProperties) = preSolution
		HideSolutionNode = FALSE
	EndGlobalSection
	GlobalSection(ExtensibilityGlobals) = postSolution
		SolutionGuid = {BC787FE9-944F-41A5-A212-2DD9ED5B3264}
	EndGlobalSection
EndGlobal
